
Microsoft Visual Studio Solution File, Format Version 12.00
# Visual Studio Version 16
VisualStudioVersion = 16.0.29613.14
MinimumVisualStudioVersion = 10.0.40219.1
Project("{FAE04EC0-301F-11D3-BF4B-00C04F79EFBC}") = "LettCode_PhoneNumberLetters", "LettCode_PhoneNumberLetters\LettCode_PhoneNumberLetters.csproj", "{4630EDFE-0186-43CC-96C0-CE222C0BE0E5}"
EndProject
Global
	GlobalSection(SolutionConfigurationPlatforms) = preSolution
		Debug|Any CPU = Debug|Any CPU
		Release|Any CPU = Release|Any CPU
	EndGlobalSection
	GlobalSection(ProjectConfigurationPlatforms) = postSolution
		{4630EDFE-0186-43CC-96C0-CE222C0BE0E5}.Debug|Any CPU.ActiveCfg = Debug|Any CPU
		{4630EDFE-0186-43CC-96C0-CE222C0BE0E5}.Debug|Any CPU.Build.0 = Debug|Any CPU
		{4630EDFE-0186-43CC-96C0-CE222C0BE0E5}.Release|Any CPU.ActiveCfg = Release|Any CPU
		{4630EDFE-0186-43CC-96C0-CE222C0BE0E5}.Release|Any CPU.Build.0 = Release|Any CPU
	EndGlobalSection
	GlobalSection(SolutionProperties) = preSolution
		HideSolutionNode = FALSE
	EndGlobalSection
	GlobalSection(ExtensibilityGlobals) = postSolution
		SolutionGuid = {96608367-CC28-481B-9770-F45ADCB98DF7}
	EndGlobalSection
EndGlobal
